{
    "version": 3,
    "terraform_version": "0.11.10",
    "serial": 2,
    "lineage": "04e6d6e6-a703-f3c0-0a34-d33fe0002fd2",
    "modules": [
        {
            "path": [
                "root"
            ],
            "outputs": {
                "================ You can SSH to the compute instances": {
                    "sensitive": false,
                    "type": "string",
                    "value": "\nPublic IPs of hosts:\n\nacolvin1  : 129.213.96.109\nacolvin2  : 132.145.141.228\n\n===== Using ssh commands with all parameters\nacolvin1  : ssh -i sshkey_acolvin1 opc@129.213.96.109\nacolvin2: ssh -o ProxyCommand='ssh -i sshkey_acolvin1 -W %h:%p opc@129.213.96.109' -i sshkey_acolvin2 opc@10.0.1.10\n\nssh -F sshcfg acolvin1\nssh -F sshcfg acolvin2\n\n  "
                }
            },
            "resources": {
                "data.oci_identity_availability_domains.ADs": {
                    "type": "oci_identity_availability_domains",
                    "depends_on": [],
                    "primary": {
                        "id": "2018-12-01 23:34:22.938820743 +0000 UTC",
                        "attributes": {
                            "availability_domains.#": "3",
                            "availability_domains.0.compartment_id": "ocid1.tenancy.oc1..aaaaaaaa227qmmyla6dp7vubahwucb2bmk6lfp4yn5miw3qclyqltishu6pq",
                            "availability_domains.0.name": "jvNM:US-ASHBURN-AD-1",
                            "availability_domains.1.compartment_id": "ocid1.tenancy.oc1..aaaaaaaa227qmmyla6dp7vubahwucb2bmk6lfp4yn5miw3qclyqltishu6pq",
                            "availability_domains.1.name": "jvNM:US-ASHBURN-AD-2",
                            "availability_domains.2.compartment_id": "ocid1.tenancy.oc1..aaaaaaaa227qmmyla6dp7vubahwucb2bmk6lfp4yn5miw3qclyqltishu6pq",
                            "availability_domains.2.name": "jvNM:US-ASHBURN-AD-3",
                            "compartment_id": "ocid1.tenancy.oc1..aaaaaaaa227qmmyla6dp7vubahwucb2bmk6lfp4yn5miw3qclyqltishu6pq",
                            "id": "2018-12-01 23:34:22.938820743 +0000 UTC"
                        },
                        "meta": {},
                        "tainted": false
                    },
                    "deposed": [],
                    "provider": "provider.oci"
                },
                "data.oci_identity_compartments.compartments1": {
                    "type": "oci_identity_compartments",
                    "depends_on": [
                        "oci_identity_compartment.compartment1"
                    ],
                    "primary": {
                        "id": "2018-12-01 23:34:30.595763599 +0000 UTC",
                        "attributes": {
                            "compartment_id": "ocid1.compartment.oc1..aaaaaaaauz76powsgzojfdj4qhin2gc5f3ubasrita4if6g3ktxaz3a3fkea",
                            "compartments.#": "0",
                            "filter.#": "1",
                            "filter.1760470845.name": "name",
                            "filter.1760470845.regex": "false",
                            "filter.1760470845.values.#": "1",
                            "filter.1760470845.values.0": "acolvin40",
                            "id": "2018-12-01 23:34:30.595763599 +0000 UTC"
                        },
                        "meta": {},
                        "tainted": false
                    },
                    "deposed": [],
                    "provider": "provider.oci"
                },
                "local_file.sshconfig": {
                    "type": "local_file",
                    "depends_on": [
                        "oci_core_instance.tf-ukoug-acolvin1",
                        "oci_core_instance.tf-ukoug-acolvin2"
                    ],
                    "primary": {
                        "id": "2238b858e36297b1e20b1255bf0eb279ed04b10f",
                        "attributes": {
                            "content": "Host acolvin1\n    Hostname 129.213.96.109\n    User opc\n    IdentityFile sshkey_acolvin1\n    #proxycommand corkscrew \u003cproxy-host\u003e \u003cproxy-port\u003e %h %p\nHost acolvin2\n    Hostname 10.0.1.10\n    User opc\n    IdentityFile sshkey_acolvin2\n    ProxyCommand  ssh -F sshcfg -W %h:%p acolvin1\n",
                            "filename": "sshcfg",
                            "id": "2238b858e36297b1e20b1255bf0eb279ed04b10f"
                        },
                        "meta": {},
                        "tainted": false
                    },
                    "deposed": [],
                    "provider": "provider.local"
                },
                "oci_core_instance.tf-ukoug-acolvin1": {
                    "type": "oci_core_instance",
                    "depends_on": [
                        "data.oci_identity_availability_domains.ADs",
                        "data.oci_identity_compartments.compartments1",
                        "oci_core_subnet.tf-ukoug-acolvin1-sn"
                    ],
                    "primary": {
                        "id": "ocid1.instance.oc1.iad.abuwcljsuei4oc52wsmgyhkylibqqf2yidveuubsq4h7ef3depvg6mlev5cq",
                        "attributes": {
                            "availability_domain": "jvNM:US-ASHBURN-AD-1",
                            "boot_volume_id": "ocid1.bootvolume.oc1.iad.abuwcljsgpkfnets3bmy3jenbkbpiwwuhhq4ezb3c3oschjfg7o33r3wgida",
                            "compartment_id": "ocid1.compartment.oc1..aaaaaaaauz76powsgzojfdj4qhin2gc5f3ubasrita4if6g3ktxaz3a3fkea",
                            "create_vnic_details.#": "1",
                            "create_vnic_details.0.assign_public_ip": "true",
                            "create_vnic_details.0.defined_tags.%": "0",
                            "create_vnic_details.0.display_name": "UKOUG acolvin1 Instance",
                            "create_vnic_details.0.freeform_tags.%": "0",
                            "create_vnic_details.0.hostname_label": "acolvin1",
                            "create_vnic_details.0.private_ip": "10.0.0.44",
                            "create_vnic_details.0.skip_source_dest_check": "false",
                            "create_vnic_details.0.subnet_id": "ocid1.subnet.oc1.iad.aaaaaaaa3ek7hdxfcxorjit4fawjp5ckk3jt4xfq3gl7amxrsh26nwals4fa",
                            "defined_tags.%": "0",
                            "display_name": "UKOUG acolvin1 Instance",
                            "fault_domain": "FAULT-DOMAIN-2",
                            "freeform_tags.%": "0",
                            "hostname_label": "acolvin1",
                            "id": "ocid1.instance.oc1.iad.abuwcljsuei4oc52wsmgyhkylibqqf2yidveuubsq4h7ef3depvg6mlev5cq",
                            "image": "ocid1.image.oc1.iad.aaaaaaaa2mnepqp7wn3ej2axm2nkoxwwcdwf7uc246tcltg4li67z6mktdiq",
                            "launch_mode": "NATIVE",
                            "launch_options.#": "1",
                            "launch_options.0.boot_volume_type": "ISCSI",
                            "launch_options.0.firmware": "UEFI_64",
                            "launch_options.0.network_type": "VFIO",
                            "launch_options.0.remote_data_volume_type": "PARAVIRTUALIZED",
                            "metadata.%": "2",
                            "metadata.ssh_authorized_keys": "ssh-rsa AAAAB3NzaC1yc2EAAAADAQABAAABAQC1P1M8LjOUWCWnUxVdYdUg6Ww9YUfrZBCeW9JJzqg/H3o3+NujfZjOSDFr0xeXdFIyf5FFK8cv9bIwswB6+wi72UGs0mJ5GHFyf+WjKz32y3WvYMfZ8jiBC/9o+t5bPJSr9rpQH/SQ9Ubx02GzMj57lOLLPpzFnIr9KHypJspIK42bXMGIVLLt8+3FeoSBMUKl6DOYKgW15NzD2xbZZ6lLQSDKDBr93KiA19v3begEEvmnX7PY8bIOCnaPHgc8zETNTHXjhJM3nzG8gKFwaUMkaYZu05Q90xfjBNvfnYAHUBwMjUJieipED8uFIN6/FJAQ31lKDodL8omMZ+FCNxtr acolvin@Andys-MacBook-Pro-3.local\n",
                            "metadata.user_data": "IyEvYmluL2Jhc2gKCiMjIyAtLS0tIFNlbmQgc3Rkb3V0LCBzdGRlcnIgdG8gL3Zhci9sb2cvbWVzc2FnZXMvCmV4ZWMgMT4gPihsb2dnZXIgLXMgLXQgJChiYXNlbmFtZSAkMCkpIDI+JjEKCiMjIyAtLS0tIEVuYWJsZSBPQ0kgdXRpbGl0aWVzIGRhZW1vbgpzeXN0ZW1jdGwgZW5hYmxlIG9jaWQuc2VydmljZQpzeXN0ZW1jdGwgc3RhcnQgb2NpZC5zZXJ2aWNlCgojIyMgLS0tLSBBcHBseSB1cGRhdGVzIHRvIExpbnV4IE9TIGFuZCByZWJvb3QKIyMjIC0tLS0gKGRpc2FibGVkIHRvIHNhdmUgdGltZSBkdXJpbmcgbGFiKQojeXVtIHVwZGF0ZSAteQojcmVib290Cg==",
                            "preserve_boot_volume": "true",
                            "private_ip": "10.0.0.44",
                            "public_ip": "129.213.96.109",
                            "region": "iad",
                            "shape": "VM.Standard2.2",
                            "source_details.#": "1",
                            "source_details.0.boot_volume_size_in_gbs": "47",
                            "source_details.0.kms_key_id": "",
                            "source_details.0.source_id": "ocid1.image.oc1.iad.aaaaaaaa2mnepqp7wn3ej2axm2nkoxwwcdwf7uc246tcltg4li67z6mktdiq",
                            "source_details.0.source_type": "image",
                            "state": "RUNNING",
                            "subnet_id": "ocid1.subnet.oc1.iad.aaaaaaaa3ek7hdxfcxorjit4fawjp5ckk3jt4xfq3gl7amxrsh26nwals4fa",
                            "time_created": "2018-12-01 23:34:34.921 +0000 UTC",
                            "time_maintenance_reboot_due": ""
                        },
                        "meta": {
                            "e2bfb730-ecaa-11e6-8f88-34363bc7c4c0": {
                                "create": 7200000000000,
                                "delete": 7200000000000,
                                "update": 7200000000000
                            }
                        },
                        "tainted": false
                    },
                    "deposed": [],
                    "provider": "provider.oci"
                },
                "oci_core_instance.tf-ukoug-acolvin2": {
                    "type": "oci_core_instance",
                    "depends_on": [
                        "data.oci_identity_availability_domains.ADs",
                        "data.oci_identity_compartments.compartments1",
                        "oci_core_subnet.tf-ukoug-acolvin2-sn"
                    ],
                    "primary": {
                        "id": "ocid1.instance.oc1.iad.abuwcljricvpqtcjtptjge7wvl7wnvb4h7hmi7vukgeojmhhzu2wspllybhq",
                        "attributes": {
                            "availability_domain": "jvNM:US-ASHBURN-AD-2",
                            "boot_volume_id": "ocid1.bootvolume.oc1.iad.abuwcljruilcvhqvsat3hqdfcsp5axsfd42cw3e6e26ydan5y4bbv2hazdvq",
                            "compartment_id": "ocid1.compartment.oc1..aaaaaaaauz76powsgzojfdj4qhin2gc5f3ubasrita4if6g3ktxaz3a3fkea",
                            "create_vnic_details.#": "1",
                            "create_vnic_details.0.assign_public_ip": "true",
                            "create_vnic_details.0.defined_tags.%": "0",
                            "create_vnic_details.0.display_name": "UKOUG acolvin2 Instance",
                            "create_vnic_details.0.freeform_tags.%": "0",
                            "create_vnic_details.0.hostname_label": "acolvin2",
                            "create_vnic_details.0.private_ip": "10.0.1.10",
                            "create_vnic_details.0.skip_source_dest_check": "false",
                            "create_vnic_details.0.subnet_id": "ocid1.subnet.oc1.iad.aaaaaaaatn5vauplxhjfaewixma2ob4mnrpi4gv3chkgzkwhr3fdwie3caqa",
                            "defined_tags.%": "0",
                            "display_name": "UKOUG acolvin2 Instance",
                            "fault_domain": "FAULT-DOMAIN-1",
                            "freeform_tags.%": "0",
                            "hostname_label": "acolvin2",
                            "id": "ocid1.instance.oc1.iad.abuwcljricvpqtcjtptjge7wvl7wnvb4h7hmi7vukgeojmhhzu2wspllybhq",
                            "image": "ocid1.image.oc1.iad.aaaaaaaa2mnepqp7wn3ej2axm2nkoxwwcdwf7uc246tcltg4li67z6mktdiq",
                            "launch_mode": "NATIVE",
                            "launch_options.#": "1",
                            "launch_options.0.boot_volume_type": "ISCSI",
                            "launch_options.0.firmware": "UEFI_64",
                            "launch_options.0.network_type": "VFIO",
                            "launch_options.0.remote_data_volume_type": "PARAVIRTUALIZED",
                            "metadata.%": "2",
                            "metadata.ssh_authorized_keys": "ssh-rsa AAAAB3NzaC1yc2EAAAADAQABAAABAQC3W2LxRWPXIZszbhzEqm3XDvN9Nx8gxRLVGf1NFDkPDJVJfC6Y9DVlklrIzSfUPr3F/AiN3c1drIF89vuP0RjR5NvcSiGdcBGDs/8qckDXgP0nDByXzUyYs3CigwdJVk3siODh5A/8m/a5a+JvR1Y+kzu0vi2Loj3yOVoGtjsQYg/4RyVaJr8HaPA83cMqqsylMaWOQols7hIM+2G5E6qow3f4/AdupPuj8d3L+n3iQMrBWLU+8MUFnlfbFI+2+3YkdxePRk+ykMXIG0B3rtSH/xzFqLdmsQ1AFyRLlwx6dSHgOkexvbia+2tGBx+qmW2pmnFF8TyPO00KgGt8FdR/ acolvin@Andys-MacBook-Pro-3.local\n",
                            "metadata.user_data": "IyEvYmluL2Jhc2gKCiMjIyAtLS0tIFNlbmQgc3Rkb3V0LCBzdGRlcnIgdG8gL3Zhci9sb2cvbWVzc2FnZXMvCmV4ZWMgMT4gPihsb2dnZXIgLXMgLXQgJChiYXNlbmFtZSAkMCkpIDI+JjEKCiMjIyAtLS0tIEVuYWJsZSBPQ0kgdXRpbGl0aWVzIGRhZW1vbgpzeXN0ZW1jdGwgZW5hYmxlIG9jaWQuc2VydmljZQpzeXN0ZW1jdGwgc3RhcnQgb2NpZC5zZXJ2aWNlCgojIyMgLS0tLSBJbnN0YWxsIHdlYiBzZXJ2ZXIgYW5kIHN0YXJ0IGl0IG9uIHBvcnQgODAKeXVtIGluc3RhbGwgLXkgaHR0cGQKc3lzdGVtY3RsIHN0YXJ0IGh0dHBkCnN5c3RlbWN0bCBlbmFibGUgaHR0cGQKCiMjIyAtLS0tIENyZWF0ZSBXZWxjb21lIHdlYiBwYWdlCmNhdCA+IC92YXIvd3d3L2h0bWwvaW5kZXguaHRtbCA8PEVPRgo8IURPQ1RZUEUgaHRtbD4KPGh0bWw+CjxoZWFkPgo8bWV0YSBodHRwLWVxdWl2PSJjb250ZW50LXR5cGUiIGNvbnRlbnQ9InRleHQvaHRtbDsgY2hhcnNldD1VVEYtOCI+Cjx0aXRsZT5VS09VRyBURUNIMTg8L3RpdGxlPgo8L2hlYWQ+Cjxib2R5Pgo8cD4KPG1ldGEgY2hhcnNldD0idXRmLTgiPgo8c3BhbiBzdHlsZT0iY29sb3I6IHJnYigxLCAxMTYsIDE0Mik7IGZvbnQtZmFtaWx5OiAmcXVvdDtPcGVuIFNhbnMmcXVvdDssIEhlbHZldGljYSwgQXJpYWwsIHNhbnMtc2VyaWY7IGZvbnQtc2l6ZTogMjBweDsgZm9udC1zdHlsZTogbm9ybWFsOyBmb250LXZhcmlhbnQtbGlnYXR1cmVzOiBub3JtYWw7IGZvbnQtdmFyaWFudC1jYXBzOiBub3JtYWw7IGZvbnQtd2VpZ2h0OiA0MDA7IGxldHRlci1zcGFjaW5nOiBub3JtYWw7IG9ycGhhbnM6IDI7IHRleHQtYWxpZ246IGxlZnQ7IHRleHQtaW5kZW50OiAwcHg7IHRleHQtdHJhbnNmb3JtOiBub25lOyB3aGl0ZS1zcGFjZTogbm9ybWFsOyB3aWRvd3M6IDI7IHdvcmQtc3BhY2luZzogMHB4OyAtd2Via2l0LXRleHQtc3Ryb2tlLXdpZHRoOiAwcHg7IGJhY2tncm91bmQtY29sb3I6IHJnYigyNTUsIDI1NSwgMjU1KTsgdGV4dC1kZWNvcmF0aW9uLXN0eWxlOiBpbml0aWFsOyB0ZXh0LWRlY29yYXRpb24tY29sb3I6IGluaXRpYWw7IGRpc3BsYXk6IGlubGluZSAhaW1wb3J0YW50OyBmbG9hdDogbm9uZTsiPgpCdWlsZCBDbG91ZHMgRmFzdCAtIEFuIEludHJvZHVjdGlvbiB0byBUZXJyYWZvcm0gb24gT3JhY2xlIENsb3VkIEluZnJhc3RydWN0dXJlPC9zcGFuPgombmJzcDwvcD48cD5UaGlzIGlzIGp1c3QgYSB0ZXN0LjwvcD48cD48YnI+PC9wPgo8L2JvZHk+CjwvaHRtbD4KRU9GCmNob3duIGFwYWNoZSAvdmFyL3d3dy9odG1sL2luZGV4Lmh0bWwKY2htb2QgNjQ0IC92YXIvd3d3L2h0bWwvaW5kZXguaHRtbAoKIyMjIC0tLS0gT3BlbiBwb3J0IHRjcC84MCBpbiBMaW51eCBGaXJld2FsbApzeXN0ZW1jdGwgc3RvcCBmaXJld2FsbGQKc2xlZXAgNQpmaXJld2FsbC1vZmZsaW5lLWNtZCAtLWFkZC1wb3J0PTgwL3RjcApzeXN0ZW1jdGwgc3RhcnQgZmlyZXdhbGxkCnN5c3RlbWN0bCBlbmFibGUgZmlyZXdhbGxkCgojIyMgQXBwbHkgdXBkYXRlcyB0byBMaW51eCBPUyBhbmQgcmVib290IChkaXNhYmxlZCB0byBzYXZlIHRpbWUgZHVyaW5nIGxhYikKI3l1bSB1cGRhdGUgLXkKI3JlYm9vdAo=",
                            "preserve_boot_volume": "true",
                            "private_ip": "10.0.1.10",
                            "public_ip": "132.145.141.228",
                            "region": "iad",
                            "shape": "VM.Standard2.1",
                            "source_details.#": "1",
                            "source_details.0.boot_volume_size_in_gbs": "47",
                            "source_details.0.kms_key_id": "",
                            "source_details.0.source_id": "ocid1.image.oc1.iad.aaaaaaaa2mnepqp7wn3ej2axm2nkoxwwcdwf7uc246tcltg4li67z6mktdiq",
                            "source_details.0.source_type": "image",
                            "state": "RUNNING",
                            "subnet_id": "ocid1.subnet.oc1.iad.aaaaaaaatn5vauplxhjfaewixma2ob4mnrpi4gv3chkgzkwhr3fdwie3caqa",
                            "time_created": "2018-12-01 23:34:33.156 +0000 UTC",
                            "time_maintenance_reboot_due": ""
                        },
                        "meta": {
                            "e2bfb730-ecaa-11e6-8f88-34363bc7c4c0": {
                                "create": 7200000000000,
                                "delete": 7200000000000,
                                "update": 7200000000000
                            }
                        },
                        "tainted": false
                    },
                    "deposed": [],
                    "provider": "provider.oci"
                },
                "oci_core_internet_gateway.tf-ukoug-ig": {
                    "type": "oci_core_internet_gateway",
                    "depends_on": [
                        "data.oci_identity_compartments.compartments1",
                        "oci_core_virtual_network.tf-ukoug-vcn"
                    ],
                    "primary": {
                        "id": "ocid1.internetgateway.oc1.iad.aaaaaaaa3gve5fs26wqogmg7ful3eyphli7cssgiya5k3goh3nf65w3ysuoq",
                        "attributes": {
                            "compartment_id": "ocid1.compartment.oc1..aaaaaaaauz76powsgzojfdj4qhin2gc5f3ubasrita4if6g3ktxaz3a3fkea",
                            "defined_tags.%": "0",
                            "display_name": "UKOUG internet gateway",
                            "enabled": "true",
                            "freeform_tags.%": "0",
                            "id": "ocid1.internetgateway.oc1.iad.aaaaaaaa3gve5fs26wqogmg7ful3eyphli7cssgiya5k3goh3nf65w3ysuoq",
                            "state": "AVAILABLE",
                            "time_created": "2018-12-01 23:34:31.302 +0000 UTC",
                            "vcn_id": "ocid1.vcn.oc1.iad.aaaaaaaazyl447x4bebx2yja7kcmzwstw5re5255a4243yr4jjr5wa7676jq"
                        },
                        "meta": {
                            "e2bfb730-ecaa-11e6-8f88-34363bc7c4c0": {
                                "create": 900000000000,
                                "delete": 900000000000,
                                "update": 900000000000
                            }
                        },
                        "tainted": false
                    },
                    "deposed": [],
                    "provider": "provider.oci"
                },
                "oci_core_route_table.tf-ukoug-acolvin1-rt": {
                    "type": "oci_core_route_table",
                    "depends_on": [
                        "data.oci_identity_compartments.compartments1",
                        "oci_core_internet_gateway.tf-ukoug-ig",
                        "oci_core_virtual_network.tf-ukoug-vcn"
                    ],
                    "primary": {
                        "id": "ocid1.routetable.oc1.iad.aaaaaaaa7nyzfjei7dmy4lrefj7cj7rfpucwogiwxrn2c6nsr63m67v4arpq",
                        "attributes": {
                            "compartment_id": "ocid1.compartment.oc1..aaaaaaaauz76powsgzojfdj4qhin2gc5f3ubasrita4if6g3ktxaz3a3fkea",
                            "defined_tags.%": "0",
                            "display_name": "UKOUG acolvin1 RT",
                            "freeform_tags.%": "0",
                            "id": "ocid1.routetable.oc1.iad.aaaaaaaa7nyzfjei7dmy4lrefj7cj7rfpucwogiwxrn2c6nsr63m67v4arpq",
                            "route_rules.#": "1",
                            "route_rules.333690625.cidr_block": "0.0.0.0/0",
                            "route_rules.333690625.destination": "0.0.0.0/0",
                            "route_rules.333690625.destination_type": "CIDR_BLOCK",
                            "route_rules.333690625.network_entity_id": "ocid1.internetgateway.oc1.iad.aaaaaaaa3gve5fs26wqogmg7ful3eyphli7cssgiya5k3goh3nf65w3ysuoq",
                            "state": "AVAILABLE",
                            "time_created": "2018-12-01 23:34:32.619 +0000 UTC",
                            "vcn_id": "ocid1.vcn.oc1.iad.aaaaaaaazyl447x4bebx2yja7kcmzwstw5re5255a4243yr4jjr5wa7676jq"
                        },
                        "meta": {
                            "e2bfb730-ecaa-11e6-8f88-34363bc7c4c0": {
                                "create": 900000000000,
                                "delete": 900000000000,
                                "update": 900000000000
                            }
                        },
                        "tainted": false
                    },
                    "deposed": [],
                    "provider": "provider.oci"
                },
                "oci_core_route_table.tf-ukoug-websrv-rt": {
                    "type": "oci_core_route_table",
                    "depends_on": [
                        "data.oci_identity_compartments.compartments1",
                        "oci_core_internet_gateway.tf-ukoug-ig",
                        "oci_core_virtual_network.tf-ukoug-vcn"
                    ],
                    "primary": {
                        "id": "ocid1.routetable.oc1.iad.aaaaaaaadkug2a73xytwqe52lrw3bhvjcpfkyklraugpf3ub6ofapgbjurzq",
                        "attributes": {
                            "compartment_id": "ocid1.compartment.oc1..aaaaaaaauz76powsgzojfdj4qhin2gc5f3ubasrita4if6g3ktxaz3a3fkea",
                            "defined_tags.%": "0",
                            "display_name": "UKOUG web server RT",
                            "freeform_tags.%": "0",
                            "id": "ocid1.routetable.oc1.iad.aaaaaaaadkug2a73xytwqe52lrw3bhvjcpfkyklraugpf3ub6ofapgbjurzq",
                            "route_rules.#": "1",
                            "route_rules.333690625.cidr_block": "0.0.0.0/0",
                            "route_rules.333690625.destination": "0.0.0.0/0",
                            "route_rules.333690625.destination_type": "CIDR_BLOCK",
                            "route_rules.333690625.network_entity_id": "ocid1.internetgateway.oc1.iad.aaaaaaaa3gve5fs26wqogmg7ful3eyphli7cssgiya5k3goh3nf65w3ysuoq",
                            "state": "AVAILABLE",
                            "time_created": "2018-12-01 23:34:31.619 +0000 UTC",
                            "vcn_id": "ocid1.vcn.oc1.iad.aaaaaaaazyl447x4bebx2yja7kcmzwstw5re5255a4243yr4jjr5wa7676jq"
                        },
                        "meta": {
                            "e2bfb730-ecaa-11e6-8f88-34363bc7c4c0": {
                                "create": 900000000000,
                                "delete": 900000000000,
                                "update": 900000000000
                            }
                        },
                        "tainted": false
                    },
                    "deposed": [],
                    "provider": "provider.oci"
                },
                "oci_core_security_list.tf-ukoug-acolvin1-sl": {
                    "type": "oci_core_security_list",
                    "depends_on": [
                        "data.oci_identity_compartments.compartments1",
                        "oci_core_virtual_network.tf-ukoug-vcn"
                    ],
                    "primary": {
                        "id": "ocid1.securitylist.oc1.iad.aaaaaaaat2ohumbpqpc2aatrawufprjyf6vwu3q7wvn6ejitnxihfx25lmuq",
                        "attributes": {
                            "compartment_id": "ocid1.compartment.oc1..aaaaaaaauz76powsgzojfdj4qhin2gc5f3ubasrita4if6g3ktxaz3a3fkea",
                            "defined_tags.%": "0",
                            "display_name": "UKOUG acolvin1 seclist",
                            "egress_security_rules.#": "1",
                            "egress_security_rules.1582479153.destination": "0.0.0.0/0",
                            "egress_security_rules.1582479153.destination_type": "CIDR_BLOCK",
                            "egress_security_rules.1582479153.icmp_options.#": "0",
                            "egress_security_rules.1582479153.protocol": "all",
                            "egress_security_rules.1582479153.stateless": "false",
                            "egress_security_rules.1582479153.tcp_options.#": "0",
                            "egress_security_rules.1582479153.udp_options.#": "0",
                            "freeform_tags.%": "0",
                            "id": "ocid1.securitylist.oc1.iad.aaaaaaaat2ohumbpqpc2aatrawufprjyf6vwu3q7wvn6ejitnxihfx25lmuq",
                            "ingress_security_rules.#": "2",
                            "ingress_security_rules.2083665413.icmp_options.#": "0",
                            "ingress_security_rules.2083665413.protocol": "all",
                            "ingress_security_rules.2083665413.source": "10.0.0.0/16",
                            "ingress_security_rules.2083665413.source_type": "CIDR_BLOCK",
                            "ingress_security_rules.2083665413.stateless": "false",
                            "ingress_security_rules.2083665413.tcp_options.#": "0",
                            "ingress_security_rules.2083665413.udp_options.#": "0",
                            "ingress_security_rules.753075868.icmp_options.#": "0",
                            "ingress_security_rules.753075868.protocol": "6",
                            "ingress_security_rules.753075868.source": "209.116.210.58/32",
                            "ingress_security_rules.753075868.source_type": "CIDR_BLOCK",
                            "ingress_security_rules.753075868.stateless": "false",
                            "ingress_security_rules.753075868.tcp_options.#": "1",
                            "ingress_security_rules.753075868.tcp_options.0.max": "22",
                            "ingress_security_rules.753075868.tcp_options.0.min": "22",
                            "ingress_security_rules.753075868.tcp_options.0.source_port_range.#": "0",
                            "ingress_security_rules.753075868.udp_options.#": "0",
                            "state": "AVAILABLE",
                            "time_created": "2018-12-01 23:34:32.437 +0000 UTC",
                            "vcn_id": "ocid1.vcn.oc1.iad.aaaaaaaazyl447x4bebx2yja7kcmzwstw5re5255a4243yr4jjr5wa7676jq"
                        },
                        "meta": {
                            "e2bfb730-ecaa-11e6-8f88-34363bc7c4c0": {
                                "create": 900000000000,
                                "delete": 900000000000,
                                "update": 900000000000
                            }
                        },
                        "tainted": false
                    },
                    "deposed": [],
                    "provider": "provider.oci"
                },
                "oci_core_security_list.tf-ukoug-websrv-sl": {
                    "type": "oci_core_security_list",
                    "depends_on": [
                        "data.oci_identity_compartments.compartments1",
                        "oci_core_virtual_network.tf-ukoug-vcn"
                    ],
                    "primary": {
                        "id": "ocid1.securitylist.oc1.iad.aaaaaaaas7gaa62qwvfml4r24ilnwors3uldqgktn7kb2dp3ika7fesjexlq",
                        "attributes": {
                            "compartment_id": "ocid1.compartment.oc1..aaaaaaaauz76powsgzojfdj4qhin2gc5f3ubasrita4if6g3ktxaz3a3fkea",
                            "defined_tags.%": "0",
                            "display_name": "UKOUG web server seclist",
                            "egress_security_rules.#": "1",
                            "egress_security_rules.1582479153.destination": "0.0.0.0/0",
                            "egress_security_rules.1582479153.destination_type": "CIDR_BLOCK",
                            "egress_security_rules.1582479153.icmp_options.#": "0",
                            "egress_security_rules.1582479153.protocol": "all",
                            "egress_security_rules.1582479153.stateless": "false",
                            "egress_security_rules.1582479153.tcp_options.#": "0",
                            "egress_security_rules.1582479153.udp_options.#": "0",
                            "freeform_tags.%": "0",
                            "id": "ocid1.securitylist.oc1.iad.aaaaaaaas7gaa62qwvfml4r24ilnwors3uldqgktn7kb2dp3ika7fesjexlq",
                            "ingress_security_rules.#": "2",
                            "ingress_security_rules.3861548008.icmp_options.#": "0",
                            "ingress_security_rules.3861548008.protocol": "6",
                            "ingress_security_rules.3861548008.source": "0.0.0.0/0",
                            "ingress_security_rules.3861548008.source_type": "CIDR_BLOCK",
                            "ingress_security_rules.3861548008.stateless": "false",
                            "ingress_security_rules.3861548008.tcp_options.#": "1",
                            "ingress_security_rules.3861548008.tcp_options.0.max": "80",
                            "ingress_security_rules.3861548008.tcp_options.0.min": "80",
                            "ingress_security_rules.3861548008.tcp_options.0.source_port_range.#": "0",
                            "ingress_security_rules.3861548008.udp_options.#": "0",
                            "ingress_security_rules.523953485.icmp_options.#": "0",
                            "ingress_security_rules.523953485.protocol": "6",
                            "ingress_security_rules.523953485.source": "10.0.0.0/24",
                            "ingress_security_rules.523953485.source_type": "CIDR_BLOCK",
                            "ingress_security_rules.523953485.stateless": "false",
                            "ingress_security_rules.523953485.tcp_options.#": "1",
                            "ingress_security_rules.523953485.tcp_options.0.max": "22",
                            "ingress_security_rules.523953485.tcp_options.0.min": "22",
                            "ingress_security_rules.523953485.tcp_options.0.source_port_range.#": "0",
                            "ingress_security_rules.523953485.udp_options.#": "0",
                            "state": "AVAILABLE",
                            "time_created": "2018-12-01 23:34:31.472 +0000 UTC",
                            "vcn_id": "ocid1.vcn.oc1.iad.aaaaaaaazyl447x4bebx2yja7kcmzwstw5re5255a4243yr4jjr5wa7676jq"
                        },
                        "meta": {
                            "e2bfb730-ecaa-11e6-8f88-34363bc7c4c0": {
                                "create": 900000000000,
                                "delete": 900000000000,
                                "update": 900000000000
                            }
                        },
                        "tainted": false
                    },
                    "deposed": [],
                    "provider": "provider.oci"
                },
                "oci_core_subnet.tf-ukoug-acolvin1-sn": {
                    "type": "oci_core_subnet",
                    "depends_on": [
                        "data.oci_identity_availability_domains.ADs",
                        "data.oci_identity_compartments.compartments1",
                        "oci_core_route_table.tf-ukoug-acolvin1-rt",
                        "oci_core_security_list.tf-ukoug-acolvin1-sl",
                        "oci_core_virtual_network.tf-ukoug-vcn"
                    ],
                    "primary": {
                        "id": "ocid1.subnet.oc1.iad.aaaaaaaa3ek7hdxfcxorjit4fawjp5ckk3jt4xfq3gl7amxrsh26nwals4fa",
                        "attributes": {
                            "availability_domain": "jvNM:US-ASHBURN-AD-1",
                            "cidr_block": "10.0.0.0/24",
                            "compartment_id": "ocid1.compartment.oc1..aaaaaaaauz76powsgzojfdj4qhin2gc5f3ubasrita4if6g3ktxaz3a3fkea",
                            "defined_tags.%": "0",
                            "dhcp_options_id": "ocid1.dhcpoptions.oc1.iad.aaaaaaaa45lqlwcm77tzqvnznt54odwhfsz6663kdq2xw3rrn35vl66xcsvq",
                            "display_name": "UKOUG acolvin1 subnet",
                            "dns_label": "acolvin1",
                            "freeform_tags.%": "0",
                            "id": "ocid1.subnet.oc1.iad.aaaaaaaa3ek7hdxfcxorjit4fawjp5ckk3jt4xfq3gl7amxrsh26nwals4fa",
                            "prohibit_public_ip_on_vnic": "false",
                            "route_table_id": "ocid1.routetable.oc1.iad.aaaaaaaa7nyzfjei7dmy4lrefj7cj7rfpucwogiwxrn2c6nsr63m67v4arpq",
                            "security_list_ids.#": "1",
                            "security_list_ids.2165873361": "ocid1.securitylist.oc1.iad.aaaaaaaat2ohumbpqpc2aatrawufprjyf6vwu3q7wvn6ejitnxihfx25lmuq",
                            "state": "AVAILABLE",
                            "subnet_domain_name": "acolvin1.tfdemovcn.oraclevcn.com",
                            "time_created": "2018-12-01 23:34:34.034 +0000 UTC",
                            "vcn_id": "ocid1.vcn.oc1.iad.aaaaaaaazyl447x4bebx2yja7kcmzwstw5re5255a4243yr4jjr5wa7676jq",
                            "virtual_router_ip": "10.0.0.1",
                            "virtual_router_mac": "00:00:17:E1:B3:A7"
                        },
                        "meta": {
                            "e2bfb730-ecaa-11e6-8f88-34363bc7c4c0": {
                                "create": 900000000000,
                                "delete": 900000000000,
                                "update": 900000000000
                            }
                        },
                        "tainted": false
                    },
                    "deposed": [],
                    "provider": "provider.oci"
                },
                "oci_core_subnet.tf-ukoug-acolvin2-sn": {
                    "type": "oci_core_subnet",
                    "depends_on": [
                        "data.oci_identity_availability_domains.ADs",
                        "data.oci_identity_compartments.compartments1",
                        "oci_core_route_table.tf-ukoug-websrv-rt",
                        "oci_core_security_list.tf-ukoug-websrv-sl",
                        "oci_core_virtual_network.tf-ukoug-vcn"
                    ],
                    "primary": {
                        "id": "ocid1.subnet.oc1.iad.aaaaaaaatn5vauplxhjfaewixma2ob4mnrpi4gv3chkgzkwhr3fdwie3caqa",
                        "attributes": {
                            "availability_domain": "jvNM:US-ASHBURN-AD-2",
                            "cidr_block": "10.0.1.0/24",
                            "compartment_id": "ocid1.compartment.oc1..aaaaaaaauz76powsgzojfdj4qhin2gc5f3ubasrita4if6g3ktxaz3a3fkea",
                            "defined_tags.%": "0",
                            "dhcp_options_id": "ocid1.dhcpoptions.oc1.iad.aaaaaaaa45lqlwcm77tzqvnznt54odwhfsz6663kdq2xw3rrn35vl66xcsvq",
                            "display_name": "UKOUG web server subnet",
                            "dns_label": "web1",
                            "freeform_tags.%": "0",
                            "id": "ocid1.subnet.oc1.iad.aaaaaaaatn5vauplxhjfaewixma2ob4mnrpi4gv3chkgzkwhr3fdwie3caqa",
                            "prohibit_public_ip_on_vnic": "false",
                            "route_table_id": "ocid1.routetable.oc1.iad.aaaaaaaadkug2a73xytwqe52lrw3bhvjcpfkyklraugpf3ub6ofapgbjurzq",
                            "security_list_ids.#": "1",
                            "security_list_ids.2824731907": "ocid1.securitylist.oc1.iad.aaaaaaaas7gaa62qwvfml4r24ilnwors3uldqgktn7kb2dp3ika7fesjexlq",
                            "state": "AVAILABLE",
                            "subnet_domain_name": "web1.tfdemovcn.oraclevcn.com",
                            "time_created": "2018-12-01 23:34:32.284 +0000 UTC",
                            "vcn_id": "ocid1.vcn.oc1.iad.aaaaaaaazyl447x4bebx2yja7kcmzwstw5re5255a4243yr4jjr5wa7676jq",
                            "virtual_router_ip": "10.0.1.1",
                            "virtual_router_mac": "00:00:17:E1:B3:A7"
                        },
                        "meta": {
                            "e2bfb730-ecaa-11e6-8f88-34363bc7c4c0": {
                                "create": 900000000000,
                                "delete": 900000000000,
                                "update": 900000000000
                            }
                        },
                        "tainted": false
                    },
                    "deposed": [],
                    "provider": "provider.oci"
                },
                "oci_core_virtual_network.tf-ukoug-vcn": {
                    "type": "oci_core_virtual_network",
                    "depends_on": [
                        "data.oci_identity_compartments.compartments1"
                    ],
                    "primary": {
                        "id": "ocid1.vcn.oc1.iad.aaaaaaaazyl447x4bebx2yja7kcmzwstw5re5255a4243yr4jjr5wa7676jq",
                        "attributes": {
                            "cidr_block": "10.0.0.0/16",
                            "compartment_id": "ocid1.compartment.oc1..aaaaaaaauz76powsgzojfdj4qhin2gc5f3ubasrita4if6g3ktxaz3a3fkea",
                            "default_dhcp_options_id": "ocid1.dhcpoptions.oc1.iad.aaaaaaaa45lqlwcm77tzqvnznt54odwhfsz6663kdq2xw3rrn35vl66xcsvq",
                            "default_route_table_id": "ocid1.routetable.oc1.iad.aaaaaaaa5xwklt2sftzjjyhq23srr2l7zrxsv2t3xo7zdi67u7p5yb7u56yq",
                            "default_security_list_id": "ocid1.securitylist.oc1.iad.aaaaaaaah5mk7bn4l6imaaewwqptgoiuhxxbo2f2rwflkktbehf6u3f5wgwq",
                            "defined_tags.%": "0",
                            "display_name": "UKOUG vcn",
                            "dns_label": "tfdemovcn",
                            "freeform_tags.%": "0",
                            "id": "ocid1.vcn.oc1.iad.aaaaaaaazyl447x4bebx2yja7kcmzwstw5re5255a4243yr4jjr5wa7676jq",
                            "state": "AVAILABLE",
                            "time_created": "2018-12-01 23:34:30.902 +0000 UTC",
                            "vcn_domain_name": "tfdemovcn.oraclevcn.com"
                        },
                        "meta": {
                            "e2bfb730-ecaa-11e6-8f88-34363bc7c4c0": {
                                "create": 900000000000,
                                "delete": 900000000000,
                                "update": 900000000000
                            }
                        },
                        "tainted": false
                    },
                    "deposed": [],
                    "provider": "provider.oci"
                },
                "oci_identity_compartment.compartment1": {
                    "type": "oci_identity_compartment",
                    "depends_on": [],
                    "primary": {
                        "id": "ocid1.compartment.oc1..aaaaaaaauz76powsgzojfdj4qhin2gc5f3ubasrita4if6g3ktxaz3a3fkea",
                        "attributes": {
                            "compartment_id": "ocid1.tenancy.oc1..aaaaaaaa227qmmyla6dp7vubahwucb2bmk6lfp4yn5miw3qclyqltishu6pq",
                            "defined_tags.%": "0",
                            "description": "compartment created by terraform",
                            "enable_delete": "true",
                            "freeform_tags.%": "0",
                            "id": "ocid1.compartment.oc1..aaaaaaaauz76powsgzojfdj4qhin2gc5f3ubasrita4if6g3ktxaz3a3fkea",
                            "name": "acolvin40",
                            "state": "ACTIVE",
                            "time_created": "2018-12-01 23:34:24.967 +0000 UTC"
                        },
                        "meta": {
                            "e2bfb730-ecaa-11e6-8f88-34363bc7c4c0": {
                                "delete": 5400000000000
                            }
                        },
                        "tainted": false
                    },
                    "deposed": [],
                    "provider": "provider.oci"
                }
            },
            "depends_on": []
        }
    ]
}
